
Microsoft Visual Studio Solution File, Format Version 12.00
# Visual Studio Version 16
VisualStudioVersion = 16.0.29613.14
MinimumVisualStudioVersion = 10.0.40219.1
Project("{FAE04EC0-301F-11D3-BF4B-00C04F79EFBC}") = "MarketMatrix", "MarketMatrix\MarketMatrix.csproj", "{CE099ECA-B9BB-4BEE-B272-EB1F73C91E81}"
EndProject
Global
	GlobalSection(SolutionConfigurationPlatforms) = preSolution
		Debug|Any CPU = Debug|Any CPU
		Release|Any CPU = Release|Any CPU
	EndGlobalSection
	GlobalSection(ProjectConfigurationPlatforms) = postSolution
		{CE099ECA-B9BB-4BEE-B272-EB1F73C91E81}.Debug|Any CPU.ActiveCfg = Debug|Any CPU
		{CE099ECA-B9BB-4BEE-B272-EB1F73C91E81}.Debug|Any CPU.Build.0 = Debug|Any CPU
		{CE099ECA-B9BB-4BEE-B272-EB1F73C91E81}.Release|Any CPU.ActiveCfg = Release|Any CPU
		{CE099ECA-B9BB-4BEE-B272-EB1F73C91E81}.Release|Any CPU.Build.0 = Release|Any CPU
	EndGlobalSection
	GlobalSection(SolutionProperties) = preSolution
		HideSolutionNode = FALSE
	EndGlobalSection
	GlobalSection(ExtensibilityGlobals) = postSolution
		SolutionGuid = {2A3A4D0F-A2B7-4A04-B0F6-0512FA088BCE}
	EndGlobalSection
EndGlobal
